
Microsoft Visual Studio Solution File, Format Version 12.00
Project("{2150E333-8FDC-42A3-9474-1A3956D46DE8}") = "Solution Items", "Solution Items", "{BDB09D19-B2BF-4F42-A763-9C19CBA84B49}"
	ProjectSection(SolutionItems) = preProject
		.gitignore = .gitignore
		Changelog.md = Changelog.md
		Readme.md = Readme.md
		Build\Build.Configuration.cs = Build\Build.Configuration.cs
		RevitVersions.props = RevitVersions.props
		RevitTestRunner.sln.DotSettings.user = RevitTestRunner.sln.DotSettings.user
	EndProjectSection
EndProject
Project("{2150E333-8FDC-42A3-9474-1A3956D46DE8}") = "Automation", "Automation", "{B5E906AC-B2EA-423A-9D3B-81E7219E31DC}"
EndProject
Project("{DB372AAF-F96C-4AC8-BD6B-17A646BFEC7E}") = "Build", "build\Build.csproj", "{4859DD95-13EE-48D1-BE2A-645139FA996F}"
EndProject
Project("{DB372AAF-F96C-4AC8-BD6B-17A646BFEC7E}") = "Installer", "install\Installer.csproj", "{9B44DDD8-FE9C-4A34-BDD8-742F9C736EA8}"
EndProject
Project("{2150E333-8FDC-42A3-9474-1A3956D46DE8}") = "source", "source", "{B8EFCA5F-814F-285C-A8CB-F00F14650265}"
EndProject
Project("{FAE04EC0-301F-11D3-BF4B-00C04F79EFBC}") = "RevitTestRunner", "source\RevitTestRunner\RevitTestRunner.csproj", "{35C092D5-9FFD-4AE0-AC5E-80571CE770CF}"
EndProject
Project("{FAE04EC0-301F-11D3-BF4B-00C04F79EFBC}") = "RevitTestRunner.Tests", "source\RevitTestRunner.Tests\RevitTestRunner.Tests.csproj", "{1358FE4F-53DB-4445-9490-2A6A42646CEA}"
EndProject
Project("{FAE04EC0-301F-11D3-BF4B-00C04F79EFBC}") = "RevitTestRunner.Console", "source\RevitTestRunner.Console\RevitTestRunner.Console.csproj", "{86880B20-B5F8-4C7E-8ED1-06353BDEC6D8}"
EndProject
Project("{FAE04EC0-301F-11D3-BF4B-00C04F79EFBC}") = "RevitTestRunner.xunitv3.Tests", "source\RevitTestRunner.xunitv3.Tests\RevitTestRunner.xunitv3.Tests.csproj", "{EA3A2852-3DA3-4126-8A4E-397E6D1EB66C}"
EndProject
Project("{FAE04EC0-301F-11D3-BF4B-00C04F79EFBC}") = "RevitTestRunner.Console.Tests", "source\RevitTestRunner.Console.Tests\RevitTestRunner.Console.Tests.csproj", "{0210A849-0241-4FD1-841F-90226F32EDA4}"
EndProject
Project("{FAE04EC0-301F-11D3-BF4B-00C04F79EFBC}") = "RevitTestLibrary.Common", "source\RevitTestLibrary.Common\RevitTestLibrary.Common.csproj", "{C38BD49F-123B-4D92-BF38-D6CE09492ACF}"
EndProject
Project("{FAE04EC0-301F-11D3-BF4B-00C04F79EFBC}") = "NamedPipeServer", "source\NamedPipeServer\NamedPipeServer.csproj", "{29169AE6-85AA-422A-9DDA-04AE32E55A2D}"
EndProject
Global
	GlobalSection(SolutionConfigurationPlatforms) = preSolution
		Debug R21|Any CPU = Debug R21|Any CPU
		Debug R21|x64 = Debug R21|x64
		Debug R21|x86 = Debug R21|x86
		Debug R22|Any CPU = Debug R22|Any CPU
		Debug R22|x64 = Debug R22|x64
		Debug R22|x86 = Debug R22|x86
		Debug R23|Any CPU = Debug R23|Any CPU
		Debug R23|x64 = Debug R23|x64
		Debug R23|x86 = Debug R23|x86
		Debug R24|Any CPU = Debug R24|Any CPU
		Debug R24|x64 = Debug R24|x64
		Debug R24|x86 = Debug R24|x86
		Debug R25|Any CPU = Debug R25|Any CPU
		Debug R25|x64 = Debug R25|x64
		Debug R25|x86 = Debug R25|x86
		Debug R26|Any CPU = Debug R26|Any CPU
		Debug R26|x64 = Debug R26|x64
		Debug R26|x86 = Debug R26|x86
		Release R21|Any CPU = Release R21|Any CPU
		Release R21|x64 = Release R21|x64
		Release R21|x86 = Release R21|x86
		Release R22|Any CPU = Release R22|Any CPU
		Release R22|x64 = Release R22|x64
		Release R22|x86 = Release R22|x86
		Release R23|Any CPU = Release R23|Any CPU
		Release R23|x64 = Release R23|x64
		Release R23|x86 = Release R23|x86
		Release R24|Any CPU = Release R24|Any CPU
		Release R24|x64 = Release R24|x64
		Release R24|x86 = Release R24|x86
		Release R25|Any CPU = Release R25|Any CPU
		Release R25|x64 = Release R25|x64
		Release R25|x86 = Release R25|x86
		Release R26|Any CPU = Release R26|Any CPU
		Release R26|x64 = Release R26|x64
		Release R26|x86 = Release R26|x86
		Debug|Any CPU = Debug|Any CPU
		Debug|x64 = Debug|x64
		Debug|x86 = Debug|x86
		Release|Any CPU = Release|Any CPU
		Release|x64 = Release|x64
		Release|x86 = Release|x86
	EndGlobalSection
	GlobalSection(ProjectConfigurationPlatforms) = postSolution
		{4859DD95-13EE-48D1-BE2A-645139FA996F}.Debug R21|Any CPU.ActiveCfg = Debug|Any CPU
		{4859DD95-13EE-48D1-BE2A-645139FA996F}.Debug R22|Any CPU.ActiveCfg = Debug|Any CPU
		{4859DD95-13EE-48D1-BE2A-645139FA996F}.Debug R23|Any CPU.ActiveCfg = Debug|Any CPU
		{4859DD95-13EE-48D1-BE2A-645139FA996F}.Debug R24|Any CPU.ActiveCfg = Debug|Any CPU
		{4859DD95-13EE-48D1-BE2A-645139FA996F}.Debug R25|Any CPU.ActiveCfg = Debug|Any CPU
		{4859DD95-13EE-48D1-BE2A-645139FA996F}.Debug R26|Any CPU.ActiveCfg = Debug|Any CPU
		{4859DD95-13EE-48D1-BE2A-645139FA996F}.Release R21|Any CPU.ActiveCfg = Release|Any CPU
		{4859DD95-13EE-48D1-BE2A-645139FA996F}.Release R22|Any CPU.ActiveCfg = Release|Any CPU
		{4859DD95-13EE-48D1-BE2A-645139FA996F}.Release R23|Any CPU.ActiveCfg = Release|Any CPU
		{4859DD95-13EE-48D1-BE2A-645139FA996F}.Release R24|Any CPU.ActiveCfg = Release|Any CPU
		{4859DD95-13EE-48D1-BE2A-645139FA996F}.Release R25|Any CPU.ActiveCfg = Release|Any CPU
		{4859DD95-13EE-48D1-BE2A-645139FA996F}.Release R26|Any CPU.ActiveCfg = Release|Any CPU
		{4859DD95-13EE-48D1-BE2A-645139FA996F}.Debug|Any CPU.ActiveCfg = Debug|Any CPU
		{4859DD95-13EE-48D1-BE2A-645139FA996F}.Debug|Any CPU.Build.0 = Debug|Any CPU
		{4859DD95-13EE-48D1-BE2A-645139FA996F}.Release|Any CPU.ActiveCfg = Release|Any CPU
		{4859DD95-13EE-48D1-BE2A-645139FA996F}.Release|Any CPU.Build.0 = Release|Any CPU
		{9B44DDD8-FE9C-4A34-BDD8-742F9C736EA8}.Debug R21|Any CPU.ActiveCfg = Debug|Any CPU
		{9B44DDD8-FE9C-4A34-BDD8-742F9C736EA8}.Debug R22|Any CPU.ActiveCfg = Debug|Any CPU
		{9B44DDD8-FE9C-4A34-BDD8-742F9C736EA8}.Debug R23|Any CPU.ActiveCfg = Debug|Any CPU
		{9B44DDD8-FE9C-4A34-BDD8-742F9C736EA8}.Debug R24|Any CPU.ActiveCfg = Debug|Any CPU
		{9B44DDD8-FE9C-4A34-BDD8-742F9C736EA8}.Debug R25|Any CPU.ActiveCfg = Debug|Any CPU
		{9B44DDD8-FE9C-4A34-BDD8-742F9C736EA8}.Debug R26|Any CPU.ActiveCfg = Debug|Any CPU
		{9B44DDD8-FE9C-4A34-BDD8-742F9C736EA8}.Release R21|Any CPU.ActiveCfg = Release|Any CPU
		{9B44DDD8-FE9C-4A34-BDD8-742F9C736EA8}.Release R22|Any CPU.ActiveCfg = Release|Any CPU
		{9B44DDD8-FE9C-4A34-BDD8-742F9C736EA8}.Release R23|Any CPU.ActiveCfg = Release|Any CPU
		{9B44DDD8-FE9C-4A34-BDD8-742F9C736EA8}.Release R24|Any CPU.ActiveCfg = Release|Any CPU
		{9B44DDD8-FE9C-4A34-BDD8-742F9C736EA8}.Release R25|Any CPU.ActiveCfg = Release|Any CPU
		{9B44DDD8-FE9C-4A34-BDD8-742F9C736EA8}.Release R26|Any CPU.ActiveCfg = Release|Any CPU
		{9B44DDD8-FE9C-4A34-BDD8-742F9C736EA8}.Debug|Any CPU.ActiveCfg = Debug|Any CPU
		{9B44DDD8-FE9C-4A34-BDD8-742F9C736EA8}.Debug|Any CPU.Build.0 = Debug|Any CPU
		{9B44DDD8-FE9C-4A34-BDD8-742F9C736EA8}.Release|Any CPU.ActiveCfg = Release|Any CPU
		{9B44DDD8-FE9C-4A34-BDD8-742F9C736EA8}.Release|Any CPU.Build.0 = Release|Any CPU
		{35C092D5-9FFD-4AE0-AC5E-80571CE770CF}.Debug R21|Any CPU.ActiveCfg = Debug R21|Any CPU
		{35C092D5-9FFD-4AE0-AC5E-80571CE770CF}.Debug R21|Any CPU.Build.0 = Debug R21|Any CPU
		{35C092D5-9FFD-4AE0-AC5E-80571CE770CF}.Debug R21|x64.ActiveCfg = Debug R21|Any CPU
		{35C092D5-9FFD-4AE0-AC5E-80571CE770CF}.Debug R21|x64.Build.0 = Debug R21|Any CPU
		{35C092D5-9FFD-4AE0-AC5E-80571CE770CF}.Debug R21|x86.ActiveCfg = Debug R21|Any CPU
		{35C092D5-9FFD-4AE0-AC5E-80571CE770CF}.Debug R21|x86.Build.0 = Debug R21|Any CPU
		{35C092D5-9FFD-4AE0-AC5E-80571CE770CF}.Debug R22|Any CPU.ActiveCfg = Debug R22|Any CPU
		{35C092D5-9FFD-4AE0-AC5E-80571CE770CF}.Debug R22|Any CPU.Build.0 = Debug R22|Any CPU
		{35C092D5-9FFD-4AE0-AC5E-80571CE770CF}.Debug R22|x64.ActiveCfg = Debug R22|Any CPU
		{35C092D5-9FFD-4AE0-AC5E-80571CE770CF}.Debug R22|x64.Build.0 = Debug R22|Any CPU
		{35C092D5-9FFD-4AE0-AC5E-80571CE770CF}.Debug R22|x86.ActiveCfg = Debug R22|Any CPU
		{35C092D5-9FFD-4AE0-AC5E-80571CE770CF}.Debug R22|x86.Build.0 = Debug R22|Any CPU
		{35C092D5-9FFD-4AE0-AC5E-80571CE770CF}.Debug R23|Any CPU.ActiveCfg = Debug R23|Any CPU
		{35C092D5-9FFD-4AE0-AC5E-80571CE770CF}.Debug R23|Any CPU.Build.0 = Debug R23|Any CPU
		{35C092D5-9FFD-4AE0-AC5E-80571CE770CF}.Debug R23|x64.ActiveCfg = Debug R23|Any CPU
		{35C092D5-9FFD-4AE0-AC5E-80571CE770CF}.Debug R23|x64.Build.0 = Debug R23|Any CPU
		{35C092D5-9FFD-4AE0-AC5E-80571CE770CF}.Debug R23|x86.ActiveCfg = Debug R23|Any CPU
		{35C092D5-9FFD-4AE0-AC5E-80571CE770CF}.Debug R23|x86.Build.0 = Debug R23|Any CPU
		{35C092D5-9FFD-4AE0-AC5E-80571CE770CF}.Debug R24|Any CPU.ActiveCfg = Debug R24|Any CPU
		{35C092D5-9FFD-4AE0-AC5E-80571CE770CF}.Debug R24|Any CPU.Build.0 = Debug R24|Any CPU
		{35C092D5-9FFD-4AE0-AC5E-80571CE770CF}.Debug R24|x64.ActiveCfg = Debug R24|Any CPU
		{35C092D5-9FFD-4AE0-AC5E-80571CE770CF}.Debug R24|x64.Build.0 = Debug R24|Any CPU
		{35C092D5-9FFD-4AE0-AC5E-80571CE770CF}.Debug R24|x86.ActiveCfg = Debug R24|Any CPU
		{35C092D5-9FFD-4AE0-AC5E-80571CE770CF}.Debug R24|x86.Build.0 = Debug R24|Any CPU
		{35C092D5-9FFD-4AE0-AC5E-80571CE770CF}.Debug R25|Any CPU.ActiveCfg = Debug R25|Any CPU
		{35C092D5-9FFD-4AE0-AC5E-80571CE770CF}.Debug R25|Any CPU.Build.0 = Debug R25|Any CPU
		{35C092D5-9FFD-4AE0-AC5E-80571CE770CF}.Debug R25|x64.ActiveCfg = Debug R25|Any CPU
		{35C092D5-9FFD-4AE0-AC5E-80571CE770CF}.Debug R25|x64.Build.0 = Debug R25|Any CPU
		{35C092D5-9FFD-4AE0-AC5E-80571CE770CF}.Debug R25|x86.ActiveCfg = Debug R25|Any CPU
		{35C092D5-9FFD-4AE0-AC5E-80571CE770CF}.Debug R25|x86.Build.0 = Debug R25|Any CPU
		{35C092D5-9FFD-4AE0-AC5E-80571CE770CF}.Debug R26|Any CPU.ActiveCfg = Debug R26|Any CPU
		{35C092D5-9FFD-4AE0-AC5E-80571CE770CF}.Debug R26|Any CPU.Build.0 = Debug R26|Any CPU
		{35C092D5-9FFD-4AE0-AC5E-80571CE770CF}.Debug R26|x64.ActiveCfg = Debug R26|Any CPU
		{35C092D5-9FFD-4AE0-AC5E-80571CE770CF}.Debug R26|x64.Build.0 = Debug R26|Any CPU
		{35C092D5-9FFD-4AE0-AC5E-80571CE770CF}.Debug R26|x86.ActiveCfg = Debug R26|Any CPU
		{35C092D5-9FFD-4AE0-AC5E-80571CE770CF}.Debug R26|x86.Build.0 = Debug R26|Any CPU
		{35C092D5-9FFD-4AE0-AC5E-80571CE770CF}.Release R21|Any CPU.ActiveCfg = Release R21|Any CPU
		{35C092D5-9FFD-4AE0-AC5E-80571CE770CF}.Release R21|Any CPU.Build.0 = Release R21|Any CPU
		{35C092D5-9FFD-4AE0-AC5E-80571CE770CF}.Release R21|x64.ActiveCfg = Release R21|Any CPU
		{35C092D5-9FFD-4AE0-AC5E-80571CE770CF}.Release R21|x64.Build.0 = Release R21|Any CPU
		{35C092D5-9FFD-4AE0-AC5E-80571CE770CF}.Release R21|x86.ActiveCfg = Release R21|Any CPU
		{35C092D5-9FFD-4AE0-AC5E-80571CE770CF}.Release R21|x86.Build.0 = Release R21|Any CPU
		{35C092D5-9FFD-4AE0-AC5E-80571CE770CF}.Release R22|Any CPU.ActiveCfg = Release R22|Any CPU
		{35C092D5-9FFD-4AE0-AC5E-80571CE770CF}.Release R22|Any CPU.Build.0 = Release R22|Any CPU
		{35C092D5-9FFD-4AE0-AC5E-80571CE770CF}.Release R22|x64.ActiveCfg = Release R22|Any CPU
		{35C092D5-9FFD-4AE0-AC5E-80571CE770CF}.Release R22|x64.Build.0 = Release R22|Any CPU
		{35C092D5-9FFD-4AE0-AC5E-80571CE770CF}.Release R22|x86.ActiveCfg = Release R22|Any CPU
		{35C092D5-9FFD-4AE0-AC5E-80571CE770CF}.Release R22|x86.Build.0 = Release R22|Any CPU
		{35C092D5-9FFD-4AE0-AC5E-80571CE770CF}.Release R23|Any CPU.ActiveCfg = Release R23|Any CPU
		{35C092D5-9FFD-4AE0-AC5E-80571CE770CF}.Release R23|Any CPU.Build.0 = Release R23|Any CPU
		{35C092D5-9FFD-4AE0-AC5E-80571CE770CF}.Release R23|x64.ActiveCfg = Release R23|Any CPU
		{35C092D5-9FFD-4AE0-AC5E-80571CE770CF}.Release R23|x64.Build.0 = Release R23|Any CPU
		{35C092D5-9FFD-4AE0-AC5E-80571CE770CF}.Release R23|x86.ActiveCfg = Release R23|Any CPU
		{35C092D5-9FFD-4AE0-AC5E-80571CE770CF}.Release R23|x86.Build.0 = Release R23|Any CPU
		{35C092D5-9FFD-4AE0-AC5E-80571CE770CF}.Release R24|Any CPU.ActiveCfg = Release R24|Any CPU
		{35C092D5-9FFD-4AE0-AC5E-80571CE770CF}.Release R24|Any CPU.Build.0 = Release R24|Any CPU
		{35C092D5-9FFD-4AE0-AC5E-80571CE770CF}.Release R24|x64.ActiveCfg = Release R24|Any CPU
		{35C092D5-9FFD-4AE0-AC5E-80571CE770CF}.Release R24|x64.Build.0 = Release R24|Any CPU
		{35C092D5-9FFD-4AE0-AC5E-80571CE770CF}.Release R24|x86.ActiveCfg = Release R24|Any CPU
		{35C092D5-9FFD-4AE0-AC5E-80571CE770CF}.Release R24|x86.Build.0 = Release R24|Any CPU
		{35C092D5-9FFD-4AE0-AC5E-80571CE770CF}.Release R25|Any CPU.ActiveCfg = Release R25|Any CPU
		{35C092D5-9FFD-4AE0-AC5E-80571CE770CF}.Release R25|Any CPU.Build.0 = Release R25|Any CPU
		{35C092D5-9FFD-4AE0-AC5E-80571CE770CF}.Release R25|x64.ActiveCfg = Release R25|Any CPU
		{35C092D5-9FFD-4AE0-AC5E-80571CE770CF}.Release R25|x64.Build.0 = Release R25|Any CPU
		{35C092D5-9FFD-4AE0-AC5E-80571CE770CF}.Release R25|x86.ActiveCfg = Release R25|Any CPU
		{35C092D5-9FFD-4AE0-AC5E-80571CE770CF}.Release R25|x86.Build.0 = Release R25|Any CPU
		{35C092D5-9FFD-4AE0-AC5E-80571CE770CF}.Release R26|Any CPU.ActiveCfg = Release R26|Any CPU
		{35C092D5-9FFD-4AE0-AC5E-80571CE770CF}.Release R26|Any CPU.Build.0 = Release R26|Any CPU
		{35C092D5-9FFD-4AE0-AC5E-80571CE770CF}.Release R26|x64.ActiveCfg = Release R26|Any CPU
		{35C092D5-9FFD-4AE0-AC5E-80571CE770CF}.Release R26|x64.Build.0 = Release R26|Any CPU
		{35C092D5-9FFD-4AE0-AC5E-80571CE770CF}.Release R26|x86.ActiveCfg = Release R26|Any CPU
		{35C092D5-9FFD-4AE0-AC5E-80571CE770CF}.Release R26|x86.Build.0 = Release R26|Any CPU
		{35C092D5-9FFD-4AE0-AC5E-80571CE770CF}.Debug|Any CPU.ActiveCfg = Debug R21|Any CPU
		{35C092D5-9FFD-4AE0-AC5E-80571CE770CF}.Debug|Any CPU.Build.0 = Debug R21|Any CPU
		{35C092D5-9FFD-4AE0-AC5E-80571CE770CF}.Debug|x64.ActiveCfg = Debug R21|Any CPU
		{35C092D5-9FFD-4AE0-AC5E-80571CE770CF}.Debug|x64.Build.0 = Debug R21|Any CPU
		{35C092D5-9FFD-4AE0-AC5E-80571CE770CF}.Debug|x86.ActiveCfg = Debug R21|Any CPU
		{35C092D5-9FFD-4AE0-AC5E-80571CE770CF}.Debug|x86.Build.0 = Debug R21|Any CPU
		{35C092D5-9FFD-4AE0-AC5E-80571CE770CF}.Release|Any CPU.ActiveCfg = Release R21|Any CPU
		{35C092D5-9FFD-4AE0-AC5E-80571CE770CF}.Release|Any CPU.Build.0 = Release R21|Any CPU
		{35C092D5-9FFD-4AE0-AC5E-80571CE770CF}.Release|x64.ActiveCfg = Release R21|Any CPU
		{35C092D5-9FFD-4AE0-AC5E-80571CE770CF}.Release|x64.Build.0 = Release R21|Any CPU
		{35C092D5-9FFD-4AE0-AC5E-80571CE770CF}.Release|x86.ActiveCfg = Release R21|Any CPU
		{35C092D5-9FFD-4AE0-AC5E-80571CE770CF}.Release|x86.Build.0 = Release R21|Any CPU
		{1358FE4F-53DB-4445-9490-2A6A42646CEA}.Debug R21|Any CPU.ActiveCfg = Debug|Any CPU
		{1358FE4F-53DB-4445-9490-2A6A42646CEA}.Debug R21|Any CPU.Build.0 = Debug|Any CPU
		{1358FE4F-53DB-4445-9490-2A6A42646CEA}.Debug R21|x64.ActiveCfg = Debug|Any CPU
		{1358FE4F-53DB-4445-9490-2A6A42646CEA}.Debug R21|x64.Build.0 = Debug|Any CPU
		{1358FE4F-53DB-4445-9490-2A6A42646CEA}.Debug R21|x86.ActiveCfg = Debug|Any CPU
		{1358FE4F-53DB-4445-9490-2A6A42646CEA}.Debug R21|x86.Build.0 = Debug|Any CPU
		{1358FE4F-53DB-4445-9490-2A6A42646CEA}.Debug R22|Any CPU.ActiveCfg = Debug|Any CPU
		{1358FE4F-53DB-4445-9490-2A6A42646CEA}.Debug R22|Any CPU.Build.0 = Debug|Any CPU
		{1358FE4F-53DB-4445-9490-2A6A42646CEA}.Debug R22|x64.ActiveCfg = Debug|Any CPU
		{1358FE4F-53DB-4445-9490-2A6A42646CEA}.Debug R22|x64.Build.0 = Debug|Any CPU
		{1358FE4F-53DB-4445-9490-2A6A42646CEA}.Debug R22|x86.ActiveCfg = Debug|Any CPU
		{1358FE4F-53DB-4445-9490-2A6A42646CEA}.Debug R22|x86.Build.0 = Debug|Any CPU
		{1358FE4F-53DB-4445-9490-2A6A42646CEA}.Debug R23|Any CPU.ActiveCfg = Debug|Any CPU
		{1358FE4F-53DB-4445-9490-2A6A42646CEA}.Debug R23|Any CPU.Build.0 = Debug|Any CPU
		{1358FE4F-53DB-4445-9490-2A6A42646CEA}.Debug R23|x64.ActiveCfg = Debug|Any CPU
		{1358FE4F-53DB-4445-9490-2A6A42646CEA}.Debug R23|x64.Build.0 = Debug|Any CPU
		{1358FE4F-53DB-4445-9490-2A6A42646CEA}.Debug R23|x86.ActiveCfg = Debug|Any CPU
		{1358FE4F-53DB-4445-9490-2A6A42646CEA}.Debug R23|x86.Build.0 = Debug|Any CPU
		{1358FE4F-53DB-4445-9490-2A6A42646CEA}.Debug R24|Any CPU.ActiveCfg = Debug|Any CPU
		{1358FE4F-53DB-4445-9490-2A6A42646CEA}.Debug R24|Any CPU.Build.0 = Debug|Any CPU
		{1358FE4F-53DB-4445-9490-2A6A42646CEA}.Debug R24|x64.ActiveCfg = Debug|Any CPU
		{1358FE4F-53DB-4445-9490-2A6A42646CEA}.Debug R24|x64.Build.0 = Debug|Any CPU
		{1358FE4F-53DB-4445-9490-2A6A42646CEA}.Debug R24|x86.ActiveCfg = Debug|Any CPU
		{1358FE4F-53DB-4445-9490-2A6A42646CEA}.Debug R24|x86.Build.0 = Debug|Any CPU
		{1358FE4F-53DB-4445-9490-2A6A42646CEA}.Debug R25|Any CPU.ActiveCfg = Debug|Any CPU
		{1358FE4F-53DB-4445-9490-2A6A42646CEA}.Debug R25|Any CPU.Build.0 = Debug|Any CPU
		{1358FE4F-53DB-4445-9490-2A6A42646CEA}.Debug R25|x64.ActiveCfg = Debug|Any CPU
		{1358FE4F-53DB-4445-9490-2A6A42646CEA}.Debug R25|x64.Build.0 = Debug|Any CPU
		{1358FE4F-53DB-4445-9490-2A6A42646CEA}.Debug R25|x86.ActiveCfg = Debug|Any CPU
		{1358FE4F-53DB-4445-9490-2A6A42646CEA}.Debug R25|x86.Build.0 = Debug|Any CPU
		{1358FE4F-53DB-4445-9490-2A6A42646CEA}.Debug R26|Any CPU.ActiveCfg = Debug|Any CPU
		{1358FE4F-53DB-4445-9490-2A6A42646CEA}.Debug R26|Any CPU.Build.0 = Debug|Any CPU
		{1358FE4F-53DB-4445-9490-2A6A42646CEA}.Debug R26|x64.ActiveCfg = Debug|Any CPU
		{1358FE4F-53DB-4445-9490-2A6A42646CEA}.Debug R26|x64.Build.0 = Debug|Any CPU
		{1358FE4F-53DB-4445-9490-2A6A42646CEA}.Debug R26|x86.ActiveCfg = Debug|Any CPU
		{1358FE4F-53DB-4445-9490-2A6A42646CEA}.Debug R26|x86.Build.0 = Debug|Any CPU
		{1358FE4F-53DB-4445-9490-2A6A42646CEA}.Debug|Any CPU.ActiveCfg = Debug|Any CPU
		{1358FE4F-53DB-4445-9490-2A6A42646CEA}.Debug|Any CPU.Build.0 = Debug|Any CPU
		{1358FE4F-53DB-4445-9490-2A6A42646CEA}.Debug|x64.ActiveCfg = Debug|Any CPU
		{1358FE4F-53DB-4445-9490-2A6A42646CEA}.Debug|x64.Build.0 = Debug|Any CPU
		{1358FE4F-53DB-4445-9490-2A6A42646CEA}.Debug|x86.ActiveCfg = Debug|Any CPU
		{1358FE4F-53DB-4445-9490-2A6A42646CEA}.Debug|x86.Build.0 = Debug|Any CPU
		{1358FE4F-53DB-4445-9490-2A6A42646CEA}.Release|Any CPU.ActiveCfg = Release|Any CPU
		{1358FE4F-53DB-4445-9490-2A6A42646CEA}.Release|Any CPU.Build.0 = Release|Any CPU
		{1358FE4F-53DB-4445-9490-2A6A42646CEA}.Release|x64.ActiveCfg = Release|Any CPU
		{1358FE4F-53DB-4445-9490-2A6A42646CEA}.Release|x64.Build.0 = Release|Any CPU
		{1358FE4F-53DB-4445-9490-2A6A42646CEA}.Release|x86.ActiveCfg = Release|Any CPU
		{1358FE4F-53DB-4445-9490-2A6A42646CEA}.Release|x86.Build.0 = Release|Any CPU
		{1358FE4F-53DB-4445-9490-2A6A42646CEA}.Release R21|Any CPU.ActiveCfg = Release|Any CPU
		{1358FE4F-53DB-4445-9490-2A6A42646CEA}.Release R21|Any CPU.Build.0 = Release|Any CPU
		{1358FE4F-53DB-4445-9490-2A6A42646CEA}.Release R21|x64.ActiveCfg = Release|Any CPU
		{1358FE4F-53DB-4445-9490-2A6A42646CEA}.Release R21|x64.Build.0 = Release|Any CPU
		{1358FE4F-53DB-4445-9490-2A6A42646CEA}.Release R21|x86.ActiveCfg = Release|Any CPU
		{1358FE4F-53DB-4445-9490-2A6A42646CEA}.Release R21|x86.Build.0 = Release|Any CPU
		{1358FE4F-53DB-4445-9490-2A6A42646CEA}.Release R22|Any CPU.ActiveCfg = Release|Any CPU
		{1358FE4F-53DB-4445-9490-2A6A42646CEA}.Release R22|Any CPU.Build.0 = Release|Any CPU
		{1358FE4F-53DB-4445-9490-2A6A42646CEA}.Release R22|x64.ActiveCfg = Release|Any CPU
		{1358FE4F-53DB-4445-9490-2A6A42646CEA}.Release R22|x64.Build.0 = Release|Any CPU
		{1358FE4F-53DB-4445-9490-2A6A42646CEA}.Release R22|x86.ActiveCfg = Release|Any CPU
		{1358FE4F-53DB-4445-9490-2A6A42646CEA}.Release R22|x86.Build.0 = Release|Any CPU
		{1358FE4F-53DB-4445-9490-2A6A42646CEA}.Release R23|Any CPU.ActiveCfg = Release|Any CPU
		{1358FE4F-53DB-4445-9490-2A6A42646CEA}.Release R23|Any CPU.Build.0 = Release|Any CPU
		{1358FE4F-53DB-4445-9490-2A6A42646CEA}.Release R23|x64.ActiveCfg = Release|Any CPU
		{1358FE4F-53DB-4445-9490-2A6A42646CEA}.Release R23|x64.Build.0 = Release|Any CPU
		{1358FE4F-53DB-4445-9490-2A6A42646CEA}.Release R23|x86.ActiveCfg = Release|Any CPU
		{1358FE4F-53DB-4445-9490-2A6A42646CEA}.Release R23|x86.Build.0 = Release|Any CPU
		{1358FE4F-53DB-4445-9490-2A6A42646CEA}.Release R24|Any CPU.ActiveCfg = Release|Any CPU
		{1358FE4F-53DB-4445-9490-2A6A42646CEA}.Release R24|Any CPU.Build.0 = Release|Any CPU
		{1358FE4F-53DB-4445-9490-2A6A42646CEA}.Release R24|x64.ActiveCfg = Release|Any CPU
		{1358FE4F-53DB-4445-9490-2A6A42646CEA}.Release R24|x64.Build.0 = Release|Any CPU
		{1358FE4F-53DB-4445-9490-2A6A42646CEA}.Release R24|x86.ActiveCfg = Release|Any CPU
		{1358FE4F-53DB-4445-9490-2A6A42646CEA}.Release R24|x86.Build.0 = Release|Any CPU
		{1358FE4F-53DB-4445-9490-2A6A42646CEA}.Release R25|Any CPU.ActiveCfg = Release|Any CPU
		{1358FE4F-53DB-4445-9490-2A6A42646CEA}.Release R25|Any CPU.Build.0 = Release|Any CPU
		{1358FE4F-53DB-4445-9490-2A6A42646CEA}.Release R25|x64.ActiveCfg = Release|Any CPU
		{1358FE4F-53DB-4445-9490-2A6A42646CEA}.Release R25|x64.Build.0 = Release|Any CPU
		{1358FE4F-53DB-4445-9490-2A6A42646CEA}.Release R25|x86.ActiveCfg = Release|Any CPU
		{1358FE4F-53DB-4445-9490-2A6A42646CEA}.Release R25|x86.Build.0 = Release|Any CPU
		{1358FE4F-53DB-4445-9490-2A6A42646CEA}.Release R26|Any CPU.ActiveCfg = Release|Any CPU
		{1358FE4F-53DB-4445-9490-2A6A42646CEA}.Release R26|Any CPU.Build.0 = Release|Any CPU
		{1358FE4F-53DB-4445-9490-2A6A42646CEA}.Release R26|x64.ActiveCfg = Release|Any CPU
		{1358FE4F-53DB-4445-9490-2A6A42646CEA}.Release R26|x64.Build.0 = Release|Any CPU
		{1358FE4F-53DB-4445-9490-2A6A42646CEA}.Release R26|x86.ActiveCfg = Release|Any CPU
		{1358FE4F-53DB-4445-9490-2A6A42646CEA}.Release R26|x86.Build.0 = Release|Any CPU
		{86880B20-B5F8-4C7E-8ED1-06353BDEC6D8}.Debug R21|Any CPU.ActiveCfg = Debug|Any CPU
		{86880B20-B5F8-4C7E-8ED1-06353BDEC6D8}.Debug R21|Any CPU.Build.0 = Debug|Any CPU
		{86880B20-B5F8-4C7E-8ED1-06353BDEC6D8}.Debug R21|x64.ActiveCfg = Debug|Any CPU
		{86880B20-B5F8-4C7E-8ED1-06353BDEC6D8}.Debug R21|x64.Build.0 = Debug|Any CPU
		{86880B20-B5F8-4C7E-8ED1-06353BDEC6D8}.Debug R21|x86.ActiveCfg = Debug|Any CPU
		{86880B20-B5F8-4C7E-8ED1-06353BDEC6D8}.Debug R21|x86.Build.0 = Debug|Any CPU
		{86880B20-B5F8-4C7E-8ED1-06353BDEC6D8}.Debug R22|Any CPU.ActiveCfg = Debug|Any CPU
		{86880B20-B5F8-4C7E-8ED1-06353BDEC6D8}.Debug R22|Any CPU.Build.0 = Debug|Any CPU
		{86880B20-B5F8-4C7E-8ED1-06353BDEC6D8}.Debug R22|x64.ActiveCfg = Debug|Any CPU
		{86880B20-B5F8-4C7E-8ED1-06353BDEC6D8}.Debug R22|x64.Build.0 = Debug|Any CPU
		{86880B20-B5F8-4C7E-8ED1-06353BDEC6D8}.Debug R22|x86.ActiveCfg = Debug|Any CPU
		{86880B20-B5F8-4C7E-8ED1-06353BDEC6D8}.Debug R22|x86.Build.0 = Debug|Any CPU
		{86880B20-B5F8-4C7E-8ED1-06353BDEC6D8}.Debug R23|Any CPU.ActiveCfg = Debug|Any CPU
		{86880B20-B5F8-4C7E-8ED1-06353BDEC6D8}.Debug R23|Any CPU.Build.0 = Debug|Any CPU
		{86880B20-B5F8-4C7E-8ED1-06353BDEC6D8}.Debug R23|x64.ActiveCfg = Debug|Any CPU
		{86880B20-B5F8-4C7E-8ED1-06353BDEC6D8}.Debug R23|x64.Build.0 = Debug|Any CPU
		{86880B20-B5F8-4C7E-8ED1-06353BDEC6D8}.Debug R23|x86.ActiveCfg = Debug|Any CPU
		{86880B20-B5F8-4C7E-8ED1-06353BDEC6D8}.Debug R23|x86.Build.0 = Debug|Any CPU
		{86880B20-B5F8-4C7E-8ED1-06353BDEC6D8}.Debug R24|Any CPU.ActiveCfg = Debug|Any CPU
		{86880B20-B5F8-4C7E-8ED1-06353BDEC6D8}.Debug R24|Any CPU.Build.0 = Debug|Any CPU
		{86880B20-B5F8-4C7E-8ED1-06353BDEC6D8}.Debug R24|x64.ActiveCfg = Debug|Any CPU
		{86880B20-B5F8-4C7E-8ED1-06353BDEC6D8}.Debug R24|x64.Build.0 = Debug|Any CPU
		{86880B20-B5F8-4C7E-8ED1-06353BDEC6D8}.Debug R24|x86.ActiveCfg = Debug|Any CPU
		{86880B20-B5F8-4C7E-8ED1-06353BDEC6D8}.Debug R24|x86.Build.0 = Debug|Any CPU
		{86880B20-B5F8-4C7E-8ED1-06353BDEC6D8}.Debug R25|Any CPU.ActiveCfg = Debug|Any CPU
		{86880B20-B5F8-4C7E-8ED1-06353BDEC6D8}.Debug R25|Any CPU.Build.0 = Debug|Any CPU
		{86880B20-B5F8-4C7E-8ED1-06353BDEC6D8}.Debug R25|x64.ActiveCfg = Debug|Any CPU
		{86880B20-B5F8-4C7E-8ED1-06353BDEC6D8}.Debug R25|x64.Build.0 = Debug|Any CPU
		{86880B20-B5F8-4C7E-8ED1-06353BDEC6D8}.Debug R25|x86.ActiveCfg = Debug|Any CPU
		{86880B20-B5F8-4C7E-8ED1-06353BDEC6D8}.Debug R25|x86.Build.0 = Debug|Any CPU
		{86880B20-B5F8-4C7E-8ED1-06353BDEC6D8}.Debug R26|Any CPU.ActiveCfg = Debug|Any CPU
		{86880B20-B5F8-4C7E-8ED1-06353BDEC6D8}.Debug R26|Any CPU.Build.0 = Debug|Any CPU
		{86880B20-B5F8-4C7E-8ED1-06353BDEC6D8}.Debug R26|x64.ActiveCfg = Debug|Any CPU
		{86880B20-B5F8-4C7E-8ED1-06353BDEC6D8}.Debug R26|x64.Build.0 = Debug|Any CPU
		{86880B20-B5F8-4C7E-8ED1-06353BDEC6D8}.Debug R26|x86.ActiveCfg = Debug|Any CPU
		{86880B20-B5F8-4C7E-8ED1-06353BDEC6D8}.Debug R26|x86.Build.0 = Debug|Any CPU
		{86880B20-B5F8-4C7E-8ED1-06353BDEC6D8}.Debug|Any CPU.ActiveCfg = Debug|Any CPU
		{86880B20-B5F8-4C7E-8ED1-06353BDEC6D8}.Debug|Any CPU.Build.0 = Debug|Any CPU
		{86880B20-B5F8-4C7E-8ED1-06353BDEC6D8}.Debug|x64.ActiveCfg = Debug|Any CPU
		{86880B20-B5F8-4C7E-8ED1-06353BDEC6D8}.Debug|x64.Build.0 = Debug|Any CPU
		{86880B20-B5F8-4C7E-8ED1-06353BDEC6D8}.Debug|x86.ActiveCfg = Debug|Any CPU
		{86880B20-B5F8-4C7E-8ED1-06353BDEC6D8}.Debug|x86.Build.0 = Debug|Any CPU
		{86880B20-B5F8-4C7E-8ED1-06353BDEC6D8}.Release|Any CPU.ActiveCfg = Release|Any CPU
		{86880B20-B5F8-4C7E-8ED1-06353BDEC6D8}.Release|Any CPU.Build.0 = Release|Any CPU
		{86880B20-B5F8-4C7E-8ED1-06353BDEC6D8}.Release|x64.ActiveCfg = Release|Any CPU
		{86880B20-B5F8-4C7E-8ED1-06353BDEC6D8}.Release|x64.Build.0 = Release|Any CPU
		{86880B20-B5F8-4C7E-8ED1-06353BDEC6D8}.Release|x86.ActiveCfg = Release|Any CPU
		{86880B20-B5F8-4C7E-8ED1-06353BDEC6D8}.Release|x86.Build.0 = Release|Any CPU
		{86880B20-B5F8-4C7E-8ED1-06353BDEC6D8}.Release R21|Any CPU.ActiveCfg = Release|Any CPU
		{86880B20-B5F8-4C7E-8ED1-06353BDEC6D8}.Release R21|Any CPU.Build.0 = Release|Any CPU
		{86880B20-B5F8-4C7E-8ED1-06353BDEC6D8}.Release R21|x64.ActiveCfg = Release|Any CPU
		{86880B20-B5F8-4C7E-8ED1-06353BDEC6D8}.Release R21|x64.Build.0 = Release|Any CPU
		{86880B20-B5F8-4C7E-8ED1-06353BDEC6D8}.Release R21|x86.ActiveCfg = Release|Any CPU
		{86880B20-B5F8-4C7E-8ED1-06353BDEC6D8}.Release R21|x86.Build.0 = Release|Any CPU
		{86880B20-B5F8-4C7E-8ED1-06353BDEC6D8}.Release R22|Any CPU.ActiveCfg = Release|Any CPU
		{86880B20-B5F8-4C7E-8ED1-06353BDEC6D8}.Release R22|Any CPU.Build.0 = Release|Any CPU
		{86880B20-B5F8-4C7E-8ED1-06353BDEC6D8}.Release R22|x64.ActiveCfg = Release|Any CPU
		{86880B20-B5F8-4C7E-8ED1-06353BDEC6D8}.Release R22|x64.Build.0 = Release|Any CPU
		{86880B20-B5F8-4C7E-8ED1-06353BDEC6D8}.Release R22|x86.ActiveCfg = Release|Any CPU
		{86880B20-B5F8-4C7E-8ED1-06353BDEC6D8}.Release R22|x86.Build.0 = Release|Any CPU
		{86880B20-B5F8-4C7E-8ED1-06353BDEC6D8}.Release R23|Any CPU.ActiveCfg = Release|Any CPU
		{86880B20-B5F8-4C7E-8ED1-06353BDEC6D8}.Release R23|Any CPU.Build.0 = Release|Any CPU
		{86880B20-B5F8-4C7E-8ED1-06353BDEC6D8}.Release R23|x64.ActiveCfg = Release|Any CPU
		{86880B20-B5F8-4C7E-8ED1-06353BDEC6D8}.Release R23|x64.Build.0 = Release|Any CPU
		{86880B20-B5F8-4C7E-8ED1-06353BDEC6D8}.Release R23|x86.ActiveCfg = Release|Any CPU
		{86880B20-B5F8-4C7E-8ED1-06353BDEC6D8}.Release R23|x86.Build.0 = Release|Any CPU
		{86880B20-B5F8-4C7E-8ED1-06353BDEC6D8}.Release R24|Any CPU.ActiveCfg = Release|Any CPU
		{86880B20-B5F8-4C7E-8ED1-06353BDEC6D8}.Release R24|Any CPU.Build.0 = Release|Any CPU
		{86880B20-B5F8-4C7E-8ED1-06353BDEC6D8}.Release R24|x64.ActiveCfg = Release|Any CPU
		{86880B20-B5F8-4C7E-8ED1-06353BDEC6D8}.Release R24|x64.Build.0 = Release|Any CPU
		{86880B20-B5F8-4C7E-8ED1-06353BDEC6D8}.Release R24|x86.ActiveCfg = Release|Any CPU
		{86880B20-B5F8-4C7E-8ED1-06353BDEC6D8}.Release R24|x86.Build.0 = Release|Any CPU
		{86880B20-B5F8-4C7E-8ED1-06353BDEC6D8}.Release R25|Any CPU.ActiveCfg = Release|Any CPU
		{86880B20-B5F8-4C7E-8ED1-06353BDEC6D8}.Release R25|Any CPU.Build.0 = Release|Any CPU
		{86880B20-B5F8-4C7E-8ED1-06353BDEC6D8}.Release R25|x64.ActiveCfg = Release|Any CPU
		{86880B20-B5F8-4C7E-8ED1-06353BDEC6D8}.Release R25|x64.Build.0 = Release|Any CPU
		{86880B20-B5F8-4C7E-8ED1-06353BDEC6D8}.Release R25|x86.ActiveCfg = Release|Any CPU
		{86880B20-B5F8-4C7E-8ED1-06353BDEC6D8}.Release R25|x86.Build.0 = Release|Any CPU
		{86880B20-B5F8-4C7E-8ED1-06353BDEC6D8}.Release R26|Any CPU.ActiveCfg = Release|Any CPU
		{86880B20-B5F8-4C7E-8ED1-06353BDEC6D8}.Release R26|Any CPU.Build.0 = Release|Any CPU
		{86880B20-B5F8-4C7E-8ED1-06353BDEC6D8}.Release R26|x64.ActiveCfg = Release|Any CPU
		{86880B20-B5F8-4C7E-8ED1-06353BDEC6D8}.Release R26|x64.Build.0 = Release|Any CPU
		{86880B20-B5F8-4C7E-8ED1-06353BDEC6D8}.Release R26|x86.ActiveCfg = Release|Any CPU
		{86880B20-B5F8-4C7E-8ED1-06353BDEC6D8}.Release R26|x86.Build.0 = Release|Any CPU
		{0210A849-0241-4FD1-841F-90226F32EDA4}.Debug R21|Any CPU.ActiveCfg = Debug|Any CPU
		{0210A849-0241-4FD1-841F-90226F32EDA4}.Debug R21|Any CPU.Build.0 = Debug|Any CPU
		{0210A849-0241-4FD1-841F-90226F32EDA4}.Debug R21|x64.ActiveCfg = Debug|Any CPU
		{0210A849-0241-4FD1-841F-90226F32EDA4}.Debug R21|x64.Build.0 = Debug|Any CPU
		{0210A849-0241-4FD1-841F-90226F32EDA4}.Debug R21|x86.ActiveCfg = Debug|Any CPU
		{0210A849-0241-4FD1-841F-90226F32EDA4}.Debug R21|x86.Build.0 = Debug|Any CPU
		{0210A849-0241-4FD1-841F-90226F32EDA4}.Debug R22|Any CPU.ActiveCfg = Debug|Any CPU
		{0210A849-0241-4FD1-841F-90226F32EDA4}.Debug R22|Any CPU.Build.0 = Debug|Any CPU
		{0210A849-0241-4FD1-841F-90226F32EDA4}.Debug R22|x64.ActiveCfg = Debug|Any CPU
		{0210A849-0241-4FD1-841F-90226F32EDA4}.Debug R22|x64.Build.0 = Debug|Any CPU
		{0210A849-0241-4FD1-841F-90226F32EDA4}.Debug R22|x86.ActiveCfg = Debug|Any CPU
		{0210A849-0241-4FD1-841F-90226F32EDA4}.Debug R22|x86.Build.0 = Debug|Any CPU
		{0210A849-0241-4FD1-841F-90226F32EDA4}.Debug R23|Any CPU.ActiveCfg = Debug|Any CPU
		{0210A849-0241-4FD1-841F-90226F32EDA4}.Debug R23|Any CPU.Build.0 = Debug|Any CPU
		{0210A849-0241-4FD1-841F-90226F32EDA4}.Debug R23|x64.ActiveCfg = Debug|Any CPU
		{0210A849-0241-4FD1-841F-90226F32EDA4}.Debug R23|x64.Build.0 = Debug|Any CPU
		{0210A849-0241-4FD1-841F-90226F32EDA4}.Debug R23|x86.ActiveCfg = Debug|Any CPU
		{0210A849-0241-4FD1-841F-90226F32EDA4}.Debug R23|x86.Build.0 = Debug|Any CPU
		{0210A849-0241-4FD1-841F-90226F32EDA4}.Debug R24|Any CPU.ActiveCfg = Debug|Any CPU
		{0210A849-0241-4FD1-841F-90226F32EDA4}.Debug R24|Any CPU.Build.0 = Debug|Any CPU
		{0210A849-0241-4FD1-841F-90226F32EDA4}.Debug R24|x64.ActiveCfg = Debug|Any CPU
		{0210A849-0241-4FD1-841F-90226F32EDA4}.Debug R24|x64.Build.0 = Debug|Any CPU
		{0210A849-0241-4FD1-841F-90226F32EDA4}.Debug R24|x86.ActiveCfg = Debug|Any CPU
		{0210A849-0241-4FD1-841F-90226F32EDA4}.Debug R24|x86.Build.0 = Debug|Any CPU
		{0210A849-0241-4FD1-841F-90226F32EDA4}.Debug R25|Any CPU.ActiveCfg = Debug|Any CPU
		{0210A849-0241-4FD1-841F-90226F32EDA4}.Debug R25|Any CPU.Build.0 = Debug|Any CPU
		{0210A849-0241-4FD1-841F-90226F32EDA4}.Debug R25|x64.ActiveCfg = Debug|Any CPU
		{0210A849-0241-4FD1-841F-90226F32EDA4}.Debug R25|x64.Build.0 = Debug|Any CPU
		{0210A849-0241-4FD1-841F-90226F32EDA4}.Debug R25|x86.ActiveCfg = Debug|Any CPU
		{0210A849-0241-4FD1-841F-90226F32EDA4}.Debug R25|x86.Build.0 = Debug|Any CPU
		{0210A849-0241-4FD1-841F-90226F32EDA4}.Debug R26|Any CPU.ActiveCfg = Debug|Any CPU
		{0210A849-0241-4FD1-841F-90226F32EDA4}.Debug R26|Any CPU.Build.0 = Debug|Any CPU
		{0210A849-0241-4FD1-841F-90226F32EDA4}.Debug R26|x64.ActiveCfg = Debug|Any CPU
		{0210A849-0241-4FD1-841F-90226F32EDA4}.Debug R26|x64.Build.0 = Debug|Any CPU
		{0210A849-0241-4FD1-841F-90226F32EDA4}.Debug R26|x86.ActiveCfg = Debug|Any CPU
		{0210A849-0241-4FD1-841F-90226F32EDA4}.Debug R26|x86.Build.0 = Debug|Any CPU
		{0210A849-0241-4FD1-841F-90226F32EDA4}.Debug|Any CPU.ActiveCfg = Debug|Any CPU
		{0210A849-0241-4FD1-841F-90226F32EDA4}.Debug|Any CPU.Build.0 = Debug|Any CPU
		{0210A849-0241-4FD1-841F-90226F32EDA4}.Debug|x64.ActiveCfg = Debug|Any CPU
		{0210A849-0241-4FD1-841F-90226F32EDA4}.Debug|x64.Build.0 = Debug|Any CPU
		{0210A849-0241-4FD1-841F-90226F32EDA4}.Debug|x86.ActiveCfg = Debug|Any CPU
		{0210A849-0241-4FD1-841F-90226F32EDA4}.Debug|x86.Build.0 = Debug|Any CPU
		{0210A849-0241-4FD1-841F-90226F32EDA4}.Release|Any CPU.ActiveCfg = Release|Any CPU
		{0210A849-0241-4FD1-841F-90226F32EDA4}.Release|Any CPU.Build.0 = Release|Any CPU
		{0210A849-0241-4FD1-841F-90226F32EDA4}.Release|x64.ActiveCfg = Release|Any CPU
		{0210A849-0241-4FD1-841F-90226F32EDA4}.Release|x64.Build.0 = Release|Any CPU
		{0210A849-0241-4FD1-841F-90226F32EDA4}.Release|x86.ActiveCfg = Release|Any CPU
		{0210A849-0241-4FD1-841F-90226F32EDA4}.Release|x86.Build.0 = Release|Any CPU
		{0210A849-0241-4FD1-841F-90226F32EDA4}.Release R21|Any CPU.ActiveCfg = Release|Any CPU
		{0210A849-0241-4FD1-841F-90226F32EDA4}.Release R21|Any CPU.Build.0 = Release|Any CPU
		{0210A849-0241-4FD1-841F-90226F32EDA4}.Release R21|x64.ActiveCfg = Release|Any CPU
		{0210A849-0241-4FD1-841F-90226F32EDA4}.Release R21|x64.Build.0 = Release|Any CPU
		{0210A849-0241-4FD1-841F-90226F32EDA4}.Release R21|x86.ActiveCfg = Release|Any CPU
		{0210A849-0241-4FD1-841F-90226F32EDA4}.Release R21|x86.Build.0 = Release|Any CPU
		{0210A849-0241-4FD1-841F-90226F32EDA4}.Release R22|Any CPU.ActiveCfg = Release|Any CPU
		{0210A849-0241-4FD1-841F-90226F32EDA4}.Release R22|Any CPU.Build.0 = Release|Any CPU
		{0210A849-0241-4FD1-841F-90226F32EDA4}.Release R22|x64.ActiveCfg = Release|Any CPU
		{0210A849-0241-4FD1-841F-90226F32EDA4}.Release R22|x64.Build.0 = Release|Any CPU
		{0210A849-0241-4FD1-841F-90226F32EDA4}.Release R22|x86.ActiveCfg = Release|Any CPU
		{0210A849-0241-4FD1-841F-90226F32EDA4}.Release R22|x86.Build.0 = Release|Any CPU
		{0210A849-0241-4FD1-841F-90226F32EDA4}.Release R23|Any CPU.ActiveCfg = Release|Any CPU
		{0210A849-0241-4FD1-841F-90226F32EDA4}.Release R23|Any CPU.Build.0 = Release|Any CPU
		{0210A849-0241-4FD1-841F-90226F32EDA4}.Release R23|x64.ActiveCfg = Release|Any CPU
		{0210A849-0241-4FD1-841F-90226F32EDA4}.Release R23|x64.Build.0 = Release|Any CPU
		{0210A849-0241-4FD1-841F-90226F32EDA4}.Release R23|x86.ActiveCfg = Release|Any CPU
		{0210A849-0241-4FD1-841F-90226F32EDA4}.Release R23|x86.Build.0 = Release|Any CPU
		{0210A849-0241-4FD1-841F-90226F32EDA4}.Release R24|Any CPU.ActiveCfg = Release|Any CPU
		{0210A849-0241-4FD1-841F-90226F32EDA4}.Release R24|Any CPU.Build.0 = Release|Any CPU
		{0210A849-0241-4FD1-841F-90226F32EDA4}.Release R24|x64.ActiveCfg = Release|Any CPU
		{0210A849-0241-4FD1-841F-90226F32EDA4}.Release R24|x64.Build.0 = Release|Any CPU
		{0210A849-0241-4FD1-841F-90226F32EDA4}.Release R24|x86.ActiveCfg = Release|Any CPU
		{0210A849-0241-4FD1-841F-90226F32EDA4}.Release R24|x86.Build.0 = Release|Any CPU
		{0210A849-0241-4FD1-841F-90226F32EDA4}.Release R25|Any CPU.ActiveCfg = Release|Any CPU
		{0210A849-0241-4FD1-841F-90226F32EDA4}.Release R25|Any CPU.Build.0 = Release|Any CPU
		{0210A849-0241-4FD1-841F-90226F32EDA4}.Release R25|x64.ActiveCfg = Release|Any CPU
		{0210A849-0241-4FD1-841F-90226F32EDA4}.Release R25|x64.Build.0 = Release|Any CPU
		{0210A849-0241-4FD1-841F-90226F32EDA4}.Release R25|x86.ActiveCfg = Release|Any CPU
		{0210A849-0241-4FD1-841F-90226F32EDA4}.Release R25|x86.Build.0 = Release|Any CPU
		{0210A849-0241-4FD1-841F-90226F32EDA4}.Release R26|Any CPU.ActiveCfg = Release|Any CPU
		{0210A849-0241-4FD1-841F-90226F32EDA4}.Release R26|Any CPU.Build.0 = Release|Any CPU
		{0210A849-0241-4FD1-841F-90226F32EDA4}.Release R26|x64.ActiveCfg = Release|Any CPU
		{0210A849-0241-4FD1-841F-90226F32EDA4}.Release R26|x64.Build.0 = Release|Any CPU
		{0210A849-0241-4FD1-841F-90226F32EDA4}.Release R26|x86.ActiveCfg = Release|Any CPU
		{0210A849-0241-4FD1-841F-90226F32EDA4}.Release R26|x86.Build.0 = Release|Any CPU
		{EA3A2852-3DA3-4126-8A4E-397E6D1EB66C}.Debug|Any CPU.ActiveCfg = Debug R21|Any CPU
		{EA3A2852-3DA3-4126-8A4E-397E6D1EB66C}.Debug|Any CPU.Build.0 = Debug R21|Any CPU
		{EA3A2852-3DA3-4126-8A4E-397E6D1EB66C}.Debug|x64.ActiveCfg = Debug R21|Any CPU
		{EA3A2852-3DA3-4126-8A4E-397E6D1EB66C}.Debug|x64.Build.0 = Debug R21|Any CPU
		{EA3A2852-3DA3-4126-8A4E-397E6D1EB66C}.Debug|x86.ActiveCfg = Debug R21|Any CPU
		{EA3A2852-3DA3-4126-8A4E-397E6D1EB66C}.Debug|x86.Build.0 = Debug R21|Any CPU
		{EA3A2852-3DA3-4126-8A4E-397E6D1EB66C}.Debug R21|Any CPU.ActiveCfg = Debug R21|Any CPU
		{EA3A2852-3DA3-4126-8A4E-397E6D1EB66C}.Debug R21|Any CPU.Build.0 = Debug R21|Any CPU
		{EA3A2852-3DA3-4126-8A4E-397E6D1EB66C}.Debug R21|x64.ActiveCfg = Debug R21|Any CPU
		{EA3A2852-3DA3-4126-8A4E-397E6D1EB66C}.Debug R21|x64.Build.0 = Debug R21|Any CPU
		{EA3A2852-3DA3-4126-8A4E-397E6D1EB66C}.Debug R21|x86.ActiveCfg = Debug R21|Any CPU
		{EA3A2852-3DA3-4126-8A4E-397E6D1EB66C}.Debug R21|x86.Build.0 = Debug R21|Any CPU
		{EA3A2852-3DA3-4126-8A4E-397E6D1EB66C}.Debug R22|Any CPU.ActiveCfg = Debug R22|Any CPU
		{EA3A2852-3DA3-4126-8A4E-397E6D1EB66C}.Debug R22|Any CPU.Build.0 = Debug R22|Any CPU
		{EA3A2852-3DA3-4126-8A4E-397E6D1EB66C}.Debug R22|x64.ActiveCfg = Debug R22|Any CPU
		{EA3A2852-3DA3-4126-8A4E-397E6D1EB66C}.Debug R22|x64.Build.0 = Debug R22|Any CPU
		{EA3A2852-3DA3-4126-8A4E-397E6D1EB66C}.Debug R22|x86.ActiveCfg = Debug R22|Any CPU
		{EA3A2852-3DA3-4126-8A4E-397E6D1EB66C}.Debug R22|x86.Build.0 = Debug R22|Any CPU
		{EA3A2852-3DA3-4126-8A4E-397E6D1EB66C}.Debug R23|Any CPU.ActiveCfg = Debug R23|Any CPU
		{EA3A2852-3DA3-4126-8A4E-397E6D1EB66C}.Debug R23|Any CPU.Build.0 = Debug R23|Any CPU
		{EA3A2852-3DA3-4126-8A4E-397E6D1EB66C}.Debug R23|x64.ActiveCfg = Debug R23|Any CPU
		{EA3A2852-3DA3-4126-8A4E-397E6D1EB66C}.Debug R23|x64.Build.0 = Debug R23|Any CPU
		{EA3A2852-3DA3-4126-8A4E-397E6D1EB66C}.Debug R23|x86.ActiveCfg = Debug R23|Any CPU
		{EA3A2852-3DA3-4126-8A4E-397E6D1EB66C}.Debug R23|x86.Build.0 = Debug R23|Any CPU
		{EA3A2852-3DA3-4126-8A4E-397E6D1EB66C}.Debug R24|Any CPU.ActiveCfg = Debug R24|Any CPU
		{EA3A2852-3DA3-4126-8A4E-397E6D1EB66C}.Debug R24|Any CPU.Build.0 = Debug R24|Any CPU
		{EA3A2852-3DA3-4126-8A4E-397E6D1EB66C}.Debug R24|x64.ActiveCfg = Debug R24|Any CPU
		{EA3A2852-3DA3-4126-8A4E-397E6D1EB66C}.Debug R24|x64.Build.0 = Debug R24|Any CPU
		{EA3A2852-3DA3-4126-8A4E-397E6D1EB66C}.Debug R24|x86.ActiveCfg = Debug R24|Any CPU
		{EA3A2852-3DA3-4126-8A4E-397E6D1EB66C}.Debug R24|x86.Build.0 = Debug R24|Any CPU
		{EA3A2852-3DA3-4126-8A4E-397E6D1EB66C}.Debug R25|Any CPU.ActiveCfg = Debug R25|Any CPU
		{EA3A2852-3DA3-4126-8A4E-397E6D1EB66C}.Debug R25|Any CPU.Build.0 = Debug R25|Any CPU
		{EA3A2852-3DA3-4126-8A4E-397E6D1EB66C}.Debug R25|x64.ActiveCfg = Debug R25|Any CPU
		{EA3A2852-3DA3-4126-8A4E-397E6D1EB66C}.Debug R25|x64.Build.0 = Debug R25|Any CPU
		{EA3A2852-3DA3-4126-8A4E-397E6D1EB66C}.Debug R25|x86.ActiveCfg = Debug R25|Any CPU
		{EA3A2852-3DA3-4126-8A4E-397E6D1EB66C}.Debug R25|x86.Build.0 = Debug R25|Any CPU
		{EA3A2852-3DA3-4126-8A4E-397E6D1EB66C}.Debug R26|Any CPU.ActiveCfg = Debug R26|Any CPU
		{EA3A2852-3DA3-4126-8A4E-397E6D1EB66C}.Debug R26|Any CPU.Build.0 = Debug R26|Any CPU
		{EA3A2852-3DA3-4126-8A4E-397E6D1EB66C}.Debug R26|x64.ActiveCfg = Debug R26|Any CPU
		{EA3A2852-3DA3-4126-8A4E-397E6D1EB66C}.Debug R26|x64.Build.0 = Debug R26|Any CPU
		{EA3A2852-3DA3-4126-8A4E-397E6D1EB66C}.Debug R26|x86.ActiveCfg = Debug R26|Any CPU
		{EA3A2852-3DA3-4126-8A4E-397E6D1EB66C}.Debug R26|x86.Build.0 = Debug R26|Any CPU
		{EA3A2852-3DA3-4126-8A4E-397E6D1EB66C}.Release|Any CPU.ActiveCfg = Release R21|Any CPU
		{EA3A2852-3DA3-4126-8A4E-397E6D1EB66C}.Release|Any CPU.Build.0 = Release R21|Any CPU
		{EA3A2852-3DA3-4126-8A4E-397E6D1EB66C}.Release|x64.ActiveCfg = Release R21|Any CPU
		{EA3A2852-3DA3-4126-8A4E-397E6D1EB66C}.Release|x64.Build.0 = Release R21|Any CPU
		{EA3A2852-3DA3-4126-8A4E-397E6D1EB66C}.Release|x86.ActiveCfg = Release R21|Any CPU
		{EA3A2852-3DA3-4126-8A4E-397E6D1EB66C}.Release|x86.Build.0 = Release R21|Any CPU
		{EA3A2852-3DA3-4126-8A4E-397E6D1EB66C}.Release R21|Any CPU.ActiveCfg = Release R21|Any CPU
		{EA3A2852-3DA3-4126-8A4E-397E6D1EB66C}.Release R21|Any CPU.Build.0 = Release R21|Any CPU
		{EA3A2852-3DA3-4126-8A4E-397E6D1EB66C}.Release R21|x64.ActiveCfg = Release R21|Any CPU
		{EA3A2852-3DA3-4126-8A4E-397E6D1EB66C}.Release R21|x64.Build.0 = Release R21|Any CPU
		{EA3A2852-3DA3-4126-8A4E-397E6D1EB66C}.Release R21|x86.ActiveCfg = Release R21|Any CPU
		{EA3A2852-3DA3-4126-8A4E-397E6D1EB66C}.Release R21|x86.Build.0 = Release R21|Any CPU
		{EA3A2852-3DA3-4126-8A4E-397E6D1EB66C}.Release R22|Any CPU.ActiveCfg = Release R22|Any CPU
		{EA3A2852-3DA3-4126-8A4E-397E6D1EB66C}.Release R22|Any CPU.Build.0 = Release R22|Any CPU
		{EA3A2852-3DA3-4126-8A4E-397E6D1EB66C}.Release R22|x64.ActiveCfg = Release R22|Any CPU
		{EA3A2852-3DA3-4126-8A4E-397E6D1EB66C}.Release R22|x64.Build.0 = Release R22|Any CPU
		{EA3A2852-3DA3-4126-8A4E-397E6D1EB66C}.Release R22|x86.ActiveCfg = Release R22|Any CPU
		{EA3A2852-3DA3-4126-8A4E-397E6D1EB66C}.Release R22|x86.Build.0 = Release R22|Any CPU
		{EA3A2852-3DA3-4126-8A4E-397E6D1EB66C}.Release R23|Any CPU.ActiveCfg = Release R23|Any CPU
		{EA3A2852-3DA3-4126-8A4E-397E6D1EB66C}.Release R23|Any CPU.Build.0 = Release R23|Any CPU
		{EA3A2852-3DA3-4126-8A4E-397E6D1EB66C}.Release R23|x64.ActiveCfg = Release R23|Any CPU
		{EA3A2852-3DA3-4126-8A4E-397E6D1EB66C}.Release R23|x64.Build.0 = Release R23|Any CPU
		{EA3A2852-3DA3-4126-8A4E-397E6D1EB66C}.Release R23|x86.ActiveCfg = Release R23|Any CPU
		{EA3A2852-3DA3-4126-8A4E-397E6D1EB66C}.Release R23|x86.Build.0 = Release R23|Any CPU
		{EA3A2852-3DA3-4126-8A4E-397E6D1EB66C}.Release R24|Any CPU.ActiveCfg = Release R24|Any CPU
		{EA3A2852-3DA3-4126-8A4E-397E6D1EB66C}.Release R24|Any CPU.Build.0 = Release R24|Any CPU
		{EA3A2852-3DA3-4126-8A4E-397E6D1EB66C}.Release R24|x64.ActiveCfg = Release R24|Any CPU
		{EA3A2852-3DA3-4126-8A4E-397E6D1EB66C}.Release R24|x64.Build.0 = Release R24|Any CPU
		{EA3A2852-3DA3-4126-8A4E-397E6D1EB66C}.Release R24|x86.ActiveCfg = Release R24|Any CPU
		{EA3A2852-3DA3-4126-8A4E-397E6D1EB66C}.Release R24|x86.Build.0 = Release R24|Any CPU
		{EA3A2852-3DA3-4126-8A4E-397E6D1EB66C}.Release R25|Any CPU.ActiveCfg = Release R25|Any CPU
		{EA3A2852-3DA3-4126-8A4E-397E6D1EB66C}.Release R25|Any CPU.Build.0 = Release R25|Any CPU
		{EA3A2852-3DA3-4126-8A4E-397E6D1EB66C}.Release R25|x64.ActiveCfg = Release R25|Any CPU
		{EA3A2852-3DA3-4126-8A4E-397E6D1EB66C}.Release R25|x64.Build.0 = Release R25|Any CPU
		{EA3A2852-3DA3-4126-8A4E-397E6D1EB66C}.Release R25|x86.ActiveCfg = Release R25|Any CPU
		{EA3A2852-3DA3-4126-8A4E-397E6D1EB66C}.Release R25|x86.Build.0 = Release R25|Any CPU
		{EA3A2852-3DA3-4126-8A4E-397E6D1EB66C}.Release R26|Any CPU.ActiveCfg = Release R26|Any CPU
		{EA3A2852-3DA3-4126-8A4E-397E6D1EB66C}.Release R26|Any CPU.Build.0 = Release R26|Any CPU
		{EA3A2852-3DA3-4126-8A4E-397E6D1EB66C}.Release R26|x64.ActiveCfg = Release R26|Any CPU
		{EA3A2852-3DA3-4126-8A4E-397E6D1EB66C}.Release R26|x64.Build.0 = Release R26|Any CPU
		{EA3A2852-3DA3-4126-8A4E-397E6D1EB66C}.Release R26|x86.ActiveCfg = Release R26|Any CPU
		{EA3A2852-3DA3-4126-8A4E-397E6D1EB66C}.Release R26|x86.Build.0 = Release R26|Any CPU
		{C38BD49F-123B-4D92-BF38-D6CE09492ACF}.Debug R21|Any CPU.ActiveCfg = Debug|Any CPU
		{C38BD49F-123B-4D92-BF38-D6CE09492ACF}.Debug R21|Any CPU.Build.0 = Debug|Any CPU
		{C38BD49F-123B-4D92-BF38-D6CE09492ACF}.Debug R21|x64.ActiveCfg = Debug|Any CPU
		{C38BD49F-123B-4D92-BF38-D6CE09492ACF}.Debug R21|x64.Build.0 = Debug|Any CPU
		{C38BD49F-123B-4D92-BF38-D6CE09492ACF}.Debug R21|x86.ActiveCfg = Debug|Any CPU
		{C38BD49F-123B-4D92-BF38-D6CE09492ACF}.Debug R21|x86.Build.0 = Debug|Any CPU
		{C38BD49F-123B-4D92-BF38-D6CE09492ACF}.Debug R22|Any CPU.ActiveCfg = Debug|Any CPU
		{C38BD49F-123B-4D92-BF38-D6CE09492ACF}.Debug R22|Any CPU.Build.0 = Debug|Any CPU
		{C38BD49F-123B-4D92-BF38-D6CE09492ACF}.Debug R22|x64.ActiveCfg = Debug|Any CPU
		{C38BD49F-123B-4D92-BF38-D6CE09492ACF}.Debug R22|x64.Build.0 = Debug|Any CPU
		{C38BD49F-123B-4D92-BF38-D6CE09492ACF}.Debug R22|x86.ActiveCfg = Debug|Any CPU
		{C38BD49F-123B-4D92-BF38-D6CE09492ACF}.Debug R22|x86.Build.0 = Debug|Any CPU
		{C38BD49F-123B-4D92-BF38-D6CE09492ACF}.Debug R23|Any CPU.ActiveCfg = Debug|Any CPU
		{C38BD49F-123B-4D92-BF38-D6CE09492ACF}.Debug R23|Any CPU.Build.0 = Debug|Any CPU
		{C38BD49F-123B-4D92-BF38-D6CE09492ACF}.Debug R23|x64.ActiveCfg = Debug|Any CPU
		{C38BD49F-123B-4D92-BF38-D6CE09492ACF}.Debug R23|x64.Build.0 = Debug|Any CPU
		{C38BD49F-123B-4D92-BF38-D6CE09492ACF}.Debug R23|x86.ActiveCfg = Debug|Any CPU
		{C38BD49F-123B-4D92-BF38-D6CE09492ACF}.Debug R23|x86.Build.0 = Debug|Any CPU
		{C38BD49F-123B-4D92-BF38-D6CE09492ACF}.Debug R24|Any CPU.ActiveCfg = Debug|Any CPU
		{C38BD49F-123B-4D92-BF38-D6CE09492ACF}.Debug R24|Any CPU.Build.0 = Debug|Any CPU
		{C38BD49F-123B-4D92-BF38-D6CE09492ACF}.Debug R24|x64.ActiveCfg = Debug|Any CPU
		{C38BD49F-123B-4D92-BF38-D6CE09492ACF}.Debug R24|x64.Build.0 = Debug|Any CPU
		{C38BD49F-123B-4D92-BF38-D6CE09492ACF}.Debug R25|x86.ActiveCfg = Debug|Any CPU
		{C38BD49F-123B-4D92-BF38-D6CE09492ACF}.Debug R25|x86.Build.0 = Debug|Any CPU
		{C38BD49F-123B-4D92-BF38-D6CE09492ACF}.Debug R26|Any CPU.ActiveCfg = Debug|Any CPU
		{C38BD49F-123B-4D92-BF38-D6CE09492ACF}.Debug R26|Any CPU.Build.0 = Debug|Any CPU
		{C38BD49F-123B-4D92-BF38-D6CE09492ACF}.Debug R26|x64.ActiveCfg = Debug|Any CPU
		{C38BD49F-123B-4D92-BF38-D6CE09492ACF}.Debug R26|x64.Build.0 = Debug|Any CPU
		{C38BD49F-123B-4D92-BF38-D6CE09492ACF}.Debug R26|x86.ActiveCfg = Debug|Any CPU
		{C38BD49F-123B-4D92-BF38-D6CE09492ACF}.Debug R26|x86.Build.0 = Debug|Any CPU
		{C38BD49F-123B-4D92-BF38-D6CE09492ACF}.Release R21|Any CPU.ActiveCfg = Debug|Any CPU
		{C38BD49F-123B-4D92-BF38-D6CE09492ACF}.Release R21|Any CPU.Build.0 = Debug|Any CPU
		{C38BD49F-123B-4D92-BF38-D6CE09492ACF}.Release R21|x64.ActiveCfg = Debug|Any CPU
		{C38BD49F-123B-4D92-BF38-D6CE09492ACF}.Release R21|x64.Build.0 = Debug|Any CPU
		{C38BD49F-123B-4D92-BF38-D6CE09492ACF}.Release R21|x86.ActiveCfg = Debug|Any CPU
		{C38BD49F-123B-4D92-BF38-D6CE09492ACF}.Release R21|x86.Build.0 = Debug|Any CPU
		{C38BD49F-123B-4D92-BF38-D6CE09492ACF}.Release R22|Any CPU.ActiveCfg = Debug|Any CPU
		{C38BD49F-123B-4D92-BF38-D6CE09492ACF}.Release R22|Any CPU.Build.0 = Debug|Any CPU
		{C38BD49F-123B-4D92-BF38-D6CE09492ACF}.Release R22|x64.ActiveCfg = Debug|Any CPU
		{C38BD49F-123B-4D92-BF38-D6CE09492ACF}.Release R22|x64.Build.0 = Debug|Any CPU
		{C38BD49F-123B-4D92-BF38-D6CE09492ACF}.Release R22|x86.ActiveCfg = Debug|Any CPU
		{C38BD49F-123B-4D92-BF38-D6CE09492ACF}.Release R22|x86.Build.0 = Debug|Any CPU
		{C38BD49F-123B-4D92-BF38-D6CE09492ACF}.Release R23|Any CPU.ActiveCfg = Debug|Any CPU
		{C38BD49F-123B-4D92-BF38-D6CE09492ACF}.Release R23|Any CPU.Build.0 = Debug|Any CPU
		{C38BD49F-123B-4D92-BF38-D6CE09492ACF}.Release R23|x64.ActiveCfg = Debug|Any CPU
		{C38BD49F-123B-4D92-BF38-D6CE09492ACF}.Release R23|x64.Build.0 = Debug|Any CPU
		{C38BD49F-123B-4D92-BF38-D6CE09492ACF}.Release R23|x86.ActiveCfg = Debug|Any CPU
		{C38BD49F-123B-4D92-BF38-D6CE09492ACF}.Release R23|x86.Build.0 = Debug|Any CPU
		{C38BD49F-123B-4D92-BF38-D6CE09492ACF}.Release R24|Any CPU.ActiveCfg = Debug|Any CPU
		{C38BD49F-123B-4D92-BF38-D6CE09492ACF}.Release R24|Any CPU.Build.0 = Debug|Any CPU
		{C38BD49F-123B-4D92-BF38-D6CE09492ACF}.Release R24|x64.ActiveCfg = Debug|Any CPU
		{C38BD49F-123B-4D92-BF38-D6CE09492ACF}.Release R24|x64.Build.0 = Debug|Any CPU
		{C38BD49F-123B-4D92-BF38-D6CE09492ACF}.Release R24|x86.ActiveCfg = Debug|Any CPU
		{C38BD49F-123B-4D92-BF38-D6CE09492ACF}.Release R24|x86.Build.0 = Debug|Any CPU
		{C38BD49F-123B-4D92-BF38-D6CE09492ACF}.Release R26|Any CPU.ActiveCfg = Debug|Any CPU
		{C38BD49F-123B-4D92-BF38-D6CE09492ACF}.Release R26|Any CPU.Build.0 = Debug|Any CPU
		{C38BD49F-123B-4D92-BF38-D6CE09492ACF}.Release R26|x64.ActiveCfg = Debug|Any CPU
		{C38BD49F-123B-4D92-BF38-D6CE09492ACF}.Release R26|x64.Build.0 = Debug|Any CPU
		{C38BD49F-123B-4D92-BF38-D6CE09492ACF}.Release R26|x86.ActiveCfg = Debug|Any CPU
		{C38BD49F-123B-4D92-BF38-D6CE09492ACF}.Release R26|x86.Build.0 = Debug|Any CPU
		{C38BD49F-123B-4D92-BF38-D6CE09492ACF}.Debug|Any CPU.ActiveCfg = Debug|Any CPU
		{C38BD49F-123B-4D92-BF38-D6CE09492ACF}.Debug|Any CPU.Build.0 = Debug|Any CPU
		{C38BD49F-123B-4D92-BF38-D6CE09492ACF}.Debug|x64.ActiveCfg = Debug|Any CPU
		{C38BD49F-123B-4D92-BF38-D6CE09492ACF}.Debug|x64.Build.0 = Debug|Any CPU
		{C38BD49F-123B-4D92-BF38-D6CE09492ACF}.Debug|x86.ActiveCfg = Debug|Any CPU
		{C38BD49F-123B-4D92-BF38-D6CE09492ACF}.Debug|x86.Build.0 = Debug|Any CPU
		{C38BD49F-123B-4D92-BF38-D6CE09492ACF}.Release|Any CPU.ActiveCfg = Release|Any CPU
		{C38BD49F-123B-4D92-BF38-D6CE09492ACF}.Release|Any CPU.Build.0 = Release|Any CPU
		{C38BD49F-123B-4D92-BF38-D6CE09492ACF}.Release|x64.ActiveCfg = Release|Any CPU
		{C38BD49F-123B-4D92-BF38-D6CE09492ACF}.Release|x64.Build.0 = Release|Any CPU
		{C38BD49F-123B-4D92-BF38-D6CE09492ACF}.Release|x86.ActiveCfg = Release|Any CPU
		{C38BD49F-123B-4D92-BF38-D6CE09492ACF}.Release|x86.Build.0 = Release|Any CPU
		{C38BD49F-123B-4D92-BF38-D6CE09492ACF}.Debug R25|Any CPU.ActiveCfg = Debug R25|Any CPU
		{C38BD49F-123B-4D92-BF38-D6CE09492ACF}.Debug R25|Any CPU.Build.0 = Debug R25|Any CPU
		{C38BD49F-123B-4D92-BF38-D6CE09492ACF}.Debug R25|x64.ActiveCfg = Debug R25|Any CPU
		{C38BD49F-123B-4D92-BF38-D6CE09492ACF}.Debug R25|x64.Build.0 = Debug R25|Any CPU
		{C38BD49F-123B-4D92-BF38-D6CE09492ACF}.Release R25|Any CPU.ActiveCfg = Release R25|Any CPU
		{C38BD49F-123B-4D92-BF38-D6CE09492ACF}.Release R25|Any CPU.Build.0 = Release R25|Any CPU
		{C38BD49F-123B-4D92-BF38-D6CE09492ACF}.Release R25|x64.ActiveCfg = Release R25|Any CPU
		{C38BD49F-123B-4D92-BF38-D6CE09492ACF}.Release R25|x64.Build.0 = Release R25|Any CPU
		{C38BD49F-123B-4D92-BF38-D6CE09492ACF}.Release R25|x86.ActiveCfg = Release R25|Any CPU
		{C38BD49F-123B-4D92-BF38-D6CE09492ACF}.Release R25|x86.Build.0 = Release R25|Any CPU
		{C38BD49F-123B-4D92-BF38-D6CE09492ACF}.Debug R24|x86.ActiveCfg = Debug R24|Any CPU
		{C38BD49F-123B-4D92-BF38-D6CE09492ACF}.Debug R24|x86.Build.0 = Debug R24|Any CPU
		{29169AE6-85AA-422A-9DDA-04AE32E55A2D}.Debug R21|Any CPU.ActiveCfg = Debug|Any CPU
		{29169AE6-85AA-422A-9DDA-04AE32E55A2D}.Debug R21|Any CPU.Build.0 = Debug|Any CPU
		{29169AE6-85AA-422A-9DDA-04AE32E55A2D}.Debug R21|x64.ActiveCfg = Debug|Any CPU
		{29169AE6-85AA-422A-9DDA-04AE32E55A2D}.Debug R21|x64.Build.0 = Debug|Any CPU
		{29169AE6-85AA-422A-9DDA-04AE32E55A2D}.Debug R21|x86.ActiveCfg = Debug|Any CPU
		{29169AE6-85AA-422A-9DDA-04AE32E55A2D}.Debug R21|x86.Build.0 = Debug|Any CPU
		{29169AE6-85AA-422A-9DDA-04AE32E55A2D}.Debug R22|Any CPU.ActiveCfg = Debug|Any CPU
		{29169AE6-85AA-422A-9DDA-04AE32E55A2D}.Debug R22|Any CPU.Build.0 = Debug|Any CPU
		{29169AE6-85AA-422A-9DDA-04AE32E55A2D}.Debug R22|x64.ActiveCfg = Debug|Any CPU
		{29169AE6-85AA-422A-9DDA-04AE32E55A2D}.Debug R22|x64.Build.0 = Debug|Any CPU
		{29169AE6-85AA-422A-9DDA-04AE32E55A2D}.Debug R22|x86.ActiveCfg = Debug|Any CPU
		{29169AE6-85AA-422A-9DDA-04AE32E55A2D}.Debug R22|x86.Build.0 = Debug|Any CPU
		{29169AE6-85AA-422A-9DDA-04AE32E55A2D}.Debug R23|Any CPU.ActiveCfg = Debug|Any CPU
		{29169AE6-85AA-422A-9DDA-04AE32E55A2D}.Debug R23|Any CPU.Build.0 = Debug|Any CPU
		{29169AE6-85AA-422A-9DDA-04AE32E55A2D}.Debug R23|x64.ActiveCfg = Debug|Any CPU
		{29169AE6-85AA-422A-9DDA-04AE32E55A2D}.Debug R23|x64.Build.0 = Debug|Any CPU
		{29169AE6-85AA-422A-9DDA-04AE32E55A2D}.Debug R23|x86.ActiveCfg = Debug|Any CPU
		{29169AE6-85AA-422A-9DDA-04AE32E55A2D}.Debug R23|x86.Build.0 = Debug|Any CPU
		{29169AE6-85AA-422A-9DDA-04AE32E55A2D}.Debug R24|Any CPU.ActiveCfg = Debug|Any CPU
		{29169AE6-85AA-422A-9DDA-04AE32E55A2D}.Debug R24|Any CPU.Build.0 = Debug|Any CPU
		{29169AE6-85AA-422A-9DDA-04AE32E55A2D}.Debug R24|x64.ActiveCfg = Debug|Any CPU
		{29169AE6-85AA-422A-9DDA-04AE32E55A2D}.Debug R24|x64.Build.0 = Debug|Any CPU
		{29169AE6-85AA-422A-9DDA-04AE32E55A2D}.Debug R24|x86.ActiveCfg = Debug|Any CPU
		{29169AE6-85AA-422A-9DDA-04AE32E55A2D}.Debug R24|x86.Build.0 = Debug|Any CPU
		{29169AE6-85AA-422A-9DDA-04AE32E55A2D}.Debug R25|Any CPU.ActiveCfg = Debug|Any CPU
		{29169AE6-85AA-422A-9DDA-04AE32E55A2D}.Debug R25|Any CPU.Build.0 = Debug|Any CPU
		{29169AE6-85AA-422A-9DDA-04AE32E55A2D}.Debug R25|x64.ActiveCfg = Debug|Any CPU
		{29169AE6-85AA-422A-9DDA-04AE32E55A2D}.Debug R25|x64.Build.0 = Debug|Any CPU
		{29169AE6-85AA-422A-9DDA-04AE32E55A2D}.Debug R25|x86.ActiveCfg = Debug|Any CPU
		{29169AE6-85AA-422A-9DDA-04AE32E55A2D}.Debug R25|x86.Build.0 = Debug|Any CPU
		{29169AE6-85AA-422A-9DDA-04AE32E55A2D}.Debug R26|Any CPU.ActiveCfg = Debug|Any CPU
		{29169AE6-85AA-422A-9DDA-04AE32E55A2D}.Debug R26|Any CPU.Build.0 = Debug|Any CPU
		{29169AE6-85AA-422A-9DDA-04AE32E55A2D}.Debug R26|x64.ActiveCfg = Debug|Any CPU
		{29169AE6-85AA-422A-9DDA-04AE32E55A2D}.Debug R26|x64.Build.0 = Debug|Any CPU
		{29169AE6-85AA-422A-9DDA-04AE32E55A2D}.Debug R26|x86.ActiveCfg = Debug|Any CPU
		{29169AE6-85AA-422A-9DDA-04AE32E55A2D}.Debug R26|x86.Build.0 = Debug|Any CPU
		{29169AE6-85AA-422A-9DDA-04AE32E55A2D}.Release R21|Any CPU.ActiveCfg = Debug|Any CPU
		{29169AE6-85AA-422A-9DDA-04AE32E55A2D}.Release R21|Any CPU.Build.0 = Debug|Any CPU
		{29169AE6-85AA-422A-9DDA-04AE32E55A2D}.Release R21|x64.ActiveCfg = Debug|Any CPU
		{29169AE6-85AA-422A-9DDA-04AE32E55A2D}.Release R21|x64.Build.0 = Debug|Any CPU
		{29169AE6-85AA-422A-9DDA-04AE32E55A2D}.Release R21|x86.ActiveCfg = Debug|Any CPU
		{29169AE6-85AA-422A-9DDA-04AE32E55A2D}.Release R21|x86.Build.0 = Debug|Any CPU
		{29169AE6-85AA-422A-9DDA-04AE32E55A2D}.Release R22|Any CPU.ActiveCfg = Debug|Any CPU
		{29169AE6-85AA-422A-9DDA-04AE32E55A2D}.Release R22|Any CPU.Build.0 = Debug|Any CPU
		{29169AE6-85AA-422A-9DDA-04AE32E55A2D}.Release R22|x64.ActiveCfg = Debug|Any CPU
		{29169AE6-85AA-422A-9DDA-04AE32E55A2D}.Release R22|x64.Build.0 = Debug|Any CPU
		{29169AE6-85AA-422A-9DDA-04AE32E55A2D}.Release R22|x86.ActiveCfg = Debug|Any CPU
		{29169AE6-85AA-422A-9DDA-04AE32E55A2D}.Release R22|x86.Build.0 = Debug|Any CPU
		{29169AE6-85AA-422A-9DDA-04AE32E55A2D}.Release R23|Any CPU.ActiveCfg = Debug|Any CPU
		{29169AE6-85AA-422A-9DDA-04AE32E55A2D}.Release R23|Any CPU.Build.0 = Debug|Any CPU
		{29169AE6-85AA-422A-9DDA-04AE32E55A2D}.Release R23|x64.ActiveCfg = Debug|Any CPU
		{29169AE6-85AA-422A-9DDA-04AE32E55A2D}.Release R23|x64.Build.0 = Debug|Any CPU
		{29169AE6-85AA-422A-9DDA-04AE32E55A2D}.Release R23|x86.ActiveCfg = Debug|Any CPU
		{29169AE6-85AA-422A-9DDA-04AE32E55A2D}.Release R23|x86.Build.0 = Debug|Any CPU
		{29169AE6-85AA-422A-9DDA-04AE32E55A2D}.Release R24|Any CPU.ActiveCfg = Debug|Any CPU
		{29169AE6-85AA-422A-9DDA-04AE32E55A2D}.Release R24|Any CPU.Build.0 = Debug|Any CPU
		{29169AE6-85AA-422A-9DDA-04AE32E55A2D}.Release R24|x64.ActiveCfg = Debug|Any CPU
		{29169AE6-85AA-422A-9DDA-04AE32E55A2D}.Release R24|x64.Build.0 = Debug|Any CPU
		{29169AE6-85AA-422A-9DDA-04AE32E55A2D}.Release R24|x86.ActiveCfg = Debug|Any CPU
		{29169AE6-85AA-422A-9DDA-04AE32E55A2D}.Release R24|x86.Build.0 = Debug|Any CPU
		{29169AE6-85AA-422A-9DDA-04AE32E55A2D}.Release R25|Any CPU.ActiveCfg = Debug|Any CPU
		{29169AE6-85AA-422A-9DDA-04AE32E55A2D}.Release R25|Any CPU.Build.0 = Debug|Any CPU
		{29169AE6-85AA-422A-9DDA-04AE32E55A2D}.Release R25|x64.ActiveCfg = Debug|Any CPU
		{29169AE6-85AA-422A-9DDA-04AE32E55A2D}.Release R25|x64.Build.0 = Debug|Any CPU
		{29169AE6-85AA-422A-9DDA-04AE32E55A2D}.Release R25|x86.ActiveCfg = Debug|Any CPU
		{29169AE6-85AA-422A-9DDA-04AE32E55A2D}.Release R25|x86.Build.0 = Debug|Any CPU
		{29169AE6-85AA-422A-9DDA-04AE32E55A2D}.Release R26|Any CPU.ActiveCfg = Debug|Any CPU
		{29169AE6-85AA-422A-9DDA-04AE32E55A2D}.Release R26|Any CPU.Build.0 = Debug|Any CPU
		{29169AE6-85AA-422A-9DDA-04AE32E55A2D}.Release R26|x64.ActiveCfg = Debug|Any CPU
		{29169AE6-85AA-422A-9DDA-04AE32E55A2D}.Release R26|x64.Build.0 = Debug|Any CPU
		{29169AE6-85AA-422A-9DDA-04AE32E55A2D}.Release R26|x86.ActiveCfg = Debug|Any CPU
		{29169AE6-85AA-422A-9DDA-04AE32E55A2D}.Release R26|x86.Build.0 = Debug|Any CPU
		{29169AE6-85AA-422A-9DDA-04AE32E55A2D}.Debug|Any CPU.ActiveCfg = Debug|Any CPU
		{29169AE6-85AA-422A-9DDA-04AE32E55A2D}.Debug|Any CPU.Build.0 = Debug|Any CPU
		{29169AE6-85AA-422A-9DDA-04AE32E55A2D}.Debug|x64.ActiveCfg = Debug|Any CPU
		{29169AE6-85AA-422A-9DDA-04AE32E55A2D}.Debug|x64.Build.0 = Debug|Any CPU
		{29169AE6-85AA-422A-9DDA-04AE32E55A2D}.Debug|x86.ActiveCfg = Debug|Any CPU
		{29169AE6-85AA-422A-9DDA-04AE32E55A2D}.Debug|x86.Build.0 = Debug|Any CPU
		{29169AE6-85AA-422A-9DDA-04AE32E55A2D}.Release|Any CPU.ActiveCfg = Release|Any CPU
		{29169AE6-85AA-422A-9DDA-04AE32E55A2D}.Release|Any CPU.Build.0 = Release|Any CPU
		{29169AE6-85AA-422A-9DDA-04AE32E55A2D}.Release|x64.ActiveCfg = Release|Any CPU
		{29169AE6-85AA-422A-9DDA-04AE32E55A2D}.Release|x64.Build.0 = Release|Any CPU
		{29169AE6-85AA-422A-9DDA-04AE32E55A2D}.Release|x86.ActiveCfg = Release|Any CPU
		{29169AE6-85AA-422A-9DDA-04AE32E55A2D}.Release|x86.Build.0 = Release|Any CPU
	EndGlobalSection
	GlobalSection(SolutionProperties) = preSolution
		HideSolutionNode = FALSE
	EndGlobalSection
	GlobalSection(NestedProjects) = preSolution
		{4859DD95-13EE-48D1-BE2A-645139FA996F} = {B5E906AC-B2EA-423A-9D3B-81E7219E31DC}
		{9B44DDD8-FE9C-4A34-BDD8-742F9C736EA8} = {B5E906AC-B2EA-423A-9D3B-81E7219E31DC}
		{35C092D5-9FFD-4AE0-AC5E-80571CE770CF} = {B8EFCA5F-814F-285C-A8CB-F00F14650265}
		{1358FE4F-53DB-4445-9490-2A6A42646CEA} = {B8EFCA5F-814F-285C-A8CB-F00F14650265}
		{86880B20-B5F8-4C7E-8ED1-06353BDEC6D8} = {B8EFCA5F-814F-285C-A8CB-F00F14650265}
		{EA3A2852-3DA3-4126-8A4E-397E6D1EB66C} = {B8EFCA5F-814F-285C-A8CB-F00F14650265}
		{0210A849-0241-4FD1-841F-90226F32EDA4} = {B8EFCA5F-814F-285C-A8CB-F00F14650265}
		{C38BD49F-123B-4D92-BF38-D6CE09492ACF} = {B8EFCA5F-814F-285C-A8CB-F00F14650265}
		{29169AE6-85AA-422A-9DDA-04AE32E55A2D} = {B8EFCA5F-814F-285C-A8CB-F00F14650265}
	EndGlobalSection
EndGlobal
